// !$*UTF8*$!
{
	archiveVersion = 1;
	classes = {
	};
	objectVersion = 50;
	objects = {

/* Begin PBXBuildFile section */
		B6D5FA88269A877900BBD76F /* Assets.xcassets in Resources */ = {isa = PBXBuildFile; fileRef = B6D5FA87269A877900BBD76F /* Assets.xcassets */; };
		B6D5FA8B269A877900BBD76F /* LaunchScreen.storyboard in Resources */ = {isa = PBXBuildFile; fileRef = B6D5FA89269A877900BBD76F /* LaunchScreen.storyboard */; };
		B6D5FA8E269A877900BBD76F /* main.m in Sources */ = {isa = PBXBuildFile; fileRef = B6D5FA8D269A877900BBD76F /* main.m */; };
		B6D5FA98269A877900BBD76F /* DDTVTests.m in Sources */ = {isa = PBXBuildFile; fileRef = B6D5FA97269A877900BBD76F /* DDTVTests.m */; };
		B6D5FAA3269A877900BBD76F /* DDTVUITests.m in Sources */ = {isa = PBXBuildFile; fileRef = B6D5FAA2269A877900BBD76F /* DDTVUITests.m */; };
		B6D5FAD6269A88A400BBD76F /* SceneDelegate.m in Sources */ = {isa = PBXBuildFile; fileRef = B6D5FAD3269A88A400BBD76F /* SceneDelegate.m */; };
		B6D5FAD7269A88A400BBD76F /* AppDelegate.m in Sources */ = {isa = PBXBuildFile; fileRef = B6D5FAD4269A88A400BBD76F /* AppDelegate.m */; };
		B6D5FADA269A8A2100BBD76F /* DDTVTabBarController.m in Sources */ = {isa = PBXBuildFile; fileRef = B6D5FAD9269A8A2100BBD76F /* DDTVTabBarController.m */; };
		B6D5FADC269A8A8500BBD76F /* FristPage.storyboard in Resources */ = {isa = PBXBuildFile; fileRef = B6D5FADB269A8A8500BBD76F /* FristPage.storyboard */; };
		B6D5FADE269A8B3B00BBD76F /* ActivePage.storyboard in Resources */ = {isa = PBXBuildFile; fileRef = B6D5FADD269A8B3B00BBD76F /* ActivePage.storyboard */; };
		B6D5FAE0269A8B5C00BBD76F /* MyPage.storyboard in Resources */ = {isa = PBXBuildFile; fileRef = B6D5FADF269A8B5C00BBD76F /* MyPage.storyboard */; };
		B6D5FAE2269A8B6B00BBD76F /* VIP.storyboard in Resources */ = {isa = PBXBuildFile; fileRef = B6D5FAE1269A8B6B00BBD76F /* VIP.storyboard */; };
		B6D5FAE5269A8E0C00BBD76F /* DDTVTabBarView.m in Sources */ = {isa = PBXBuildFile; fileRef = B6D5FAE4269A8E0C00BBD76F /* DDTVTabBarView.m */; };
/* End PBXBuildFile section */

/* Begin PBXContainerItemProxy section */
		B6D5FA94269A877900BBD76F /* PBXContainerItemProxy */ = {
			isa = PBXContainerItemProxy;
			containerPortal = B6D5FA70269A877700BBD76F /* Project object */;
			proxyType = 1;
			remoteGlobalIDString = B6D5FA77269A877700BBD76F;
			remoteInfo = DDTV;
		};
		B6D5FA9F269A877900BBD76F /* PBXContainerItemProxy */ = {
			isa = PBXContainerItemProxy;
			containerPortal = B6D5FA70269A877700BBD76F /* Project object */;
			proxyType = 1;
			remoteGlobalIDString = B6D5FA77269A877700BBD76F;
			remoteInfo = DDTV;
		};
/* End PBXContainerItemProxy section */

/* Begin PBXFileReference section */
		B6D5FA78269A877700BBD76F /* DDTV.app */ = {isa = PBXFileReference; explicitFileType = wrapper.application; includeInIndex = 0; path = DDTV.app; sourceTree = BUILT_PRODUCTS_DIR; };
		B6D5FA87269A877900BBD76F /* Assets.xcassets */ = {isa = PBXFileReference; lastKnownFileType = folder.assetcatalog; path = Assets.xcassets; sourceTree = "<group>"; };
		B6D5FA8A269A877900BBD76F /* Base */ = {isa = PBXFileReference; lastKnownFileType = file.storyboard; name = Base; path = Base.lproj/LaunchScreen.storyboard; sourceTree = "<group>"; };
		B6D5FA8C269A877900BBD76F /* Info.plist */ = {isa = PBXFileReference; lastKnownFileType = text.plist.xml; path = Info.plist; sourceTree = "<group>"; };
		B6D5FA8D269A877900BBD76F /* main.m */ = {isa = PBXFileReference; lastKnownFileType = sourcecode.c.objc; path = main.m; sourceTree = "<group>"; };
		B6D5FA93269A877900BBD76F /* DDTVTests.xctest */ = {isa = PBXFileReference; explicitFileType = wrapper.cfbundle; includeInIndex = 0; path = DDTVTests.xctest; sourceTree = BUILT_PRODUCTS_DIR; };
		B6D5FA97269A877900BBD76F /* DDTVTests.m */ = {isa = PBXFileReference; lastKnownFileType = sourcecode.c.objc; path = DDTVTests.m; sourceTree = "<group>"; };
		B6D5FA99269A877900BBD76F /* Info.plist */ = {isa = PBXFileReference; lastKnownFileType = text.plist.xml; path = Info.plist; sourceTree = "<group>"; };
		B6D5FA9E269A877900BBD76F /* DDTVUITests.xctest */ = {isa = PBXFileReference; explicitFileType = wrapper.cfbundle; includeInIndex = 0; path = DDTVUITests.xctest; sourceTree = BUILT_PRODUCTS_DIR; };
		B6D5FAA2269A877900BBD76F /* DDTVUITests.m */ = {isa = PBXFileReference; lastKnownFileType = sourcecode.c.objc; path = DDTVUITests.m; sourceTree = "<group>"; };
		B6D5FAA4269A877900BBD76F /* Info.plist */ = {isa = PBXFileReference; lastKnownFileType = text.plist.xml; path = Info.plist; sourceTree = "<group>"; };
		B6D5FAD2269A88A400BBD76F /* AppDelegate.h */ = {isa = PBXFileReference; fileEncoding = 4; lastKnownFileType = sourcecode.c.h; path = AppDelegate.h; sourceTree = "<group>"; };
		B6D5FAD3269A88A400BBD76F /* SceneDelegate.m */ = {isa = PBXFileReference; fileEncoding = 4; lastKnownFileType = sourcecode.c.objc; path = SceneDelegate.m; sourceTree = "<group>"; };
		B6D5FAD4269A88A400BBD76F /* AppDelegate.m */ = {isa = PBXFileReference; fileEncoding = 4; lastKnownFileType = sourcecode.c.objc; path = AppDelegate.m; sourceTree = "<group>"; };
		B6D5FAD5269A88A400BBD76F /* SceneDelegate.h */ = {isa = PBXFileReference; fileEncoding = 4; lastKnownFileType = sourcecode.c.h; path = SceneDelegate.h; sourceTree = "<group>"; };
		B6D5FAD8269A8A2100BBD76F /* DDTVTabBarController.h */ = {isa = PBXFileReference; lastKnownFileType = sourcecode.c.h; path = DDTVTabBarController.h; sourceTree = "<group>"; };
		B6D5FAD9269A8A2100BBD76F /* DDTVTabBarController.m */ = {isa = PBXFileReference; lastKnownFileType = sourcecode.c.objc; path = DDTVTabBarController.m; sourceTree = "<group>"; };
		B6D5FADB269A8A8500BBD76F /* FristPage.storyboard */ = {isa = PBXFileReference; lastKnownFileType = file.storyboard; path = FristPage.storyboard; sourceTree = "<group>"; };
		B6D5FADD269A8B3B00BBD76F /* ActivePage.storyboard */ = {isa = PBXFileReference; fileEncoding = 4; lastKnownFileType = file.storyboard; path = ActivePage.storyboard; sourceTree = "<group>"; };
		B6D5FADF269A8B5C00BBD76F /* MyPage.storyboard */ = {isa = PBXFileReference; fileEncoding = 4; lastKnownFileType = file.storyboard; path = MyPage.storyboard; sourceTree = "<group>"; };
		B6D5FAE1269A8B6B00BBD76F /* VIP.storyboard */ = {isa = PBXFileReference; fileEncoding = 4; lastKnownFileType = file.storyboard; path = VIP.storyboard; sourceTree = "<group>"; };
		B6D5FAE3269A8E0C00BBD76F /* DDTVTabBarView.h */ = {isa = PBXFileReference; lastKnownFileType = sourcecode.c.h; path = DDTVTabBarView.h; sourceTree = "<group>"; };
		B6D5FAE4269A8E0C00BBD76F /* DDTVTabBarView.m */ = {isa = PBXFileReference; lastKnownFileType = sourcecode.c.objc; path = DDTVTabBarView.m; sourceTree = "<group>"; };
/* End PBXFileReference section */

/* Begin PBXFrameworksBuildPhase section */
		B6D5FA75269A877700BBD76F /* Frameworks */ = {
			isa = PBXFrameworksBuildPhase;
			buildActionMask = 2147483647;
			files = (
			);
			runOnlyForDeploymentPostprocessing = 0;
		};
		B6D5FA90269A877900BBD76F /* Frameworks */ = {
			isa = PBXFrameworksBuildPhase;
			buildActionMask = 2147483647;
			files = (
			);
			runOnlyForDeploymentPostprocessing = 0;
		};
		B6D5FA9B269A877900BBD76F /* Frameworks */ = {
			isa = PBXFrameworksBuildPhase;
			buildActionMask = 2147483647;
			files = (
			);
			runOnlyForDeploymentPostprocessing = 0;
		};
/* End PBXFrameworksBuildPhase section */

/* Begin PBXGroup section */
		B6D5FA6F269A877700BBD76F = {
			isa = PBXGroup;
			children = (
				B6D5FA7A269A877700BBD76F /* DDTV */,
				B6D5FA96269A877900BBD76F /* DDTVTests */,
				B6D5FAA1269A877900BBD76F /* DDTVUITests */,
				B6D5FA79269A877700BBD76F /* Products */,
			);
			sourceTree = "<group>";
		};
		B6D5FA79269A877700BBD76F /* Products */ = {
			isa = PBXGroup;
			children = (
				B6D5FA78269A877700BBD76F /* DDTV.app */,
				B6D5FA93269A877900BBD76F /* DDTVTests.xctest */,
				B6D5FA9E269A877900BBD76F /* DDTVUITests.xctest */,
			);
			name = Products;
			sourceTree = "<group>";
		};
		B6D5FA7A269A877700BBD76F /* DDTV */ = {
			isa = PBXGroup;
			children = (
				B6D5FAB6269A88A400BBD76F /* Classes */,
				B6D5FAD0269A88A400BBD76F /* Libs */,
				B6D5FAD1269A88A400BBD76F /* Others */,
				B6D5FA87269A877900BBD76F /* Assets.xcassets */,
				B6D5FA89269A877900BBD76F /* LaunchScreen.storyboard */,
				B6D5FA8C269A877900BBD76F /* Info.plist */,
				B6D5FA8D269A877900BBD76F /* main.m */,
			);
			path = DDTV;
			sourceTree = "<group>";
		};
		B6D5FA96269A877900BBD76F /* DDTVTests */ = {
			isa = PBXGroup;
			children = (
				B6D5FA97269A877900BBD76F /* DDTVTests.m */,
				B6D5FA99269A877900BBD76F /* Info.plist */,
			);
			path = DDTVTests;
			sourceTree = "<group>";
		};
		B6D5FAA1269A877900BBD76F /* DDTVUITests */ = {
			isa = PBXGroup;
			children = (
				B6D5FAA2269A877900BBD76F /* DDTVUITests.m */,
				B6D5FAA4269A877900BBD76F /* Info.plist */,
			);
			path = DDTVUITests;
			sourceTree = "<group>";
		};
		B6D5FAB6269A88A400BBD76F /* Classes */ = {
			isa = PBXGroup;
			children = (
				B6D5FAB7269A88A400BBD76F /* ActivePage(动态) */,
				B6D5FABC269A88A400BBD76F /* MyPage(我的) */,
				B6D5FAC1269A88A400BBD76F /* FristPage(首页) */,
				B6D5FAC6269A88A400BBD76F /* VIP(会员购) */,
				B6D5FACB269A88A400BBD76F /* RootFrame(主框架) */,
			);
			path = Classes;
			sourceTree = "<group>";
		};
		B6D5FAB7269A88A400BBD76F /* ActivePage(动态) */ = {
			isa = PBXGroup;
			children = (
				B6D5FAB8269A88A400BBD76F /* Other */,
				B6D5FAB9269A88A400BBD76F /* Controller */,
				B6D5FABA269A88A400BBD76F /* Model */,
				B6D5FABB269A88A400BBD76F /* View */,
			);
			path = "ActivePage(动态)";
			sourceTree = "<group>";
		};
		B6D5FAB8269A88A400BBD76F /* Other */ = {
			isa = PBXGroup;
			children = (
			);
			path = Other;
			sourceTree = "<group>";
		};
		B6D5FAB9269A88A400BBD76F /* Controller */ = {
			isa = PBXGroup;
			children = (
			);
			path = Controller;
			sourceTree = "<group>";
		};
		B6D5FABA269A88A400BBD76F /* Model */ = {
			isa = PBXGroup;
			children = (
			);
			path = Model;
			sourceTree = "<group>";
		};
		B6D5FABB269A88A400BBD76F /* View */ = {
			isa = PBXGroup;
			children = (
				B6D5FADD269A8B3B00BBD76F /* ActivePage.storyboard */,
			);
			path = View;
			sourceTree = "<group>";
		};
		B6D5FABC269A88A400BBD76F /* MyPage(我的) */ = {
			isa = PBXGroup;
			children = (
				B6D5FABD269A88A400BBD76F /* Other */,
				B6D5FABE269A88A400BBD76F /* Controller */,
				B6D5FABF269A88A400BBD76F /* Model */,
				B6D5FAC0269A88A400BBD76F /* View */,
			);
			path = "MyPage(我的)";
			sourceTree = "<group>";
		};
		B6D5FABD269A88A400BBD76F /* Other */ = {
			isa = PBXGroup;
			children = (
			);
			path = Other;
			sourceTree = "<group>";
		};
		B6D5FABE269A88A400BBD76F /* Controller */ = {
			isa = PBXGroup;
			children = (
			);
			path = Controller;
			sourceTree = "<group>";
		};
		B6D5FABF269A88A400BBD76F /* Model */ = {
			isa = PBXGroup;
			children = (
			);
			path = Model;
			sourceTree = "<group>";
		};
		B6D5FAC0269A88A400BBD76F /* View */ = {
			isa = PBXGroup;
			children = (
				B6D5FADF269A8B5C00BBD76F /* MyPage.storyboard */,
			);
			path = View;
			sourceTree = "<group>";
		};
		B6D5FAC1269A88A400BBD76F /* FristPage(首页) */ = {
			isa = PBXGroup;
			children = (
				B6D5FAC2269A88A400BBD76F /* Other */,
				B6D5FAC3269A88A400BBD76F /* Controller */,
				B6D5FAC4269A88A400BBD76F /* Model */,
				B6D5FAC5269A88A400BBD76F /* View */,
			);
			path = "FristPage(首页)";
			sourceTree = "<group>";
		};
		B6D5FAC2269A88A400BBD76F /* Other */ = {
			isa = PBXGroup;
			children = (
			);
			path = Other;
			sourceTree = "<group>";
		};
		B6D5FAC3269A88A400BBD76F /* Controller */ = {
			isa = PBXGroup;
			children = (
			);
			path = Controller;
			sourceTree = "<group>";
		};
		B6D5FAC4269A88A400BBD76F /* Model */ = {
			isa = PBXGroup;
			children = (
			);
			path = Model;
			sourceTree = "<group>";
		};
		B6D5FAC5269A88A400BBD76F /* View */ = {
			isa = PBXGroup;
			children = (
				B6D5FADB269A8A8500BBD76F /* FristPage.storyboard */,
			);
			path = View;
			sourceTree = "<group>";
		};
		B6D5FAC6269A88A400BBD76F /* VIP(会员购) */ = {
			isa = PBXGroup;
			children = (
				B6D5FAC7269A88A400BBD76F /* Other */,
				B6D5FAC8269A88A400BBD76F /* Controller */,
				B6D5FAC9269A88A400BBD76F /* Model */,
				B6D5FACA269A88A400BBD76F /* View */,
			);
			path = "VIP(会员购)";
			sourceTree = "<group>";
		};
		B6D5FAC7269A88A400BBD76F /* Other */ = {
			isa = PBXGroup;
			children = (
			);
			path = Other;
			sourceTree = "<group>";
		};
		B6D5FAC8269A88A400BBD76F /* Controller */ = {
			isa = PBXGroup;
			children = (
			);
			path = Controller;
			sourceTree = "<group>";
		};
		B6D5FAC9269A88A400BBD76F /* Model */ = {
			isa = PBXGroup;
			children = (
			);
			path = Model;
			sourceTree = "<group>";
		};
		B6D5FACA269A88A400BBD76F /* View */ = {
			isa = PBXGroup;
			children = (
				B6D5FAE1269A8B6B00BBD76F /* VIP.storyboard */,
			);
			path = View;
			sourceTree = "<group>";
		};
		B6D5FACB269A88A400BBD76F /* RootFrame(主框架) */ = {
			isa = PBXGroup;
			children = (
				B6D5FACC269A88A400BBD76F /* Other */,
				B6D5FACD269A88A400BBD76F /* Controller */,
				B6D5FACE269A88A400BBD76F /* Model */,
				B6D5FACF269A88A400BBD76F /* View */,
			);
			path = "RootFrame(主框架)";
			sourceTree = "<group>";
		};
		B6D5FACC269A88A400BBD76F /* Other */ = {
			isa = PBXGroup;
			children = (
			);
			path = Other;
			sourceTree = "<group>";
		};
		B6D5FACD269A88A400BBD76F /* Controller */ = {
			isa = PBXGroup;
			children = (
				B6D5FAD8269A8A2100BBD76F /* DDTVTabBarController.h */,
				B6D5FAD9269A8A2100BBD76F /* DDTVTabBarController.m */,
			);
			path = Controller;
			sourceTree = "<group>";
		};
		B6D5FACE269A88A400BBD76F /* Model */ = {
			isa = PBXGroup;
			children = (
			);
			path = Model;
			sourceTree = "<group>";
		};
		B6D5FACF269A88A400BBD76F /* View */ = {
			isa = PBXGroup;
			children = (
				B6D5FAE3269A8E0C00BBD76F /* DDTVTabBarView.h */,
				B6D5FAE4269A8E0C00BBD76F /* DDTVTabBarView.m */,
			);
			path = View;
			sourceTree = "<group>";
		};
		B6D5FAD0269A88A400BBD76F /* Libs */ = {
			isa = PBXGroup;
			children = (
			);
			path = Libs;
			sourceTree = "<group>";
		};
		B6D5FAD1269A88A400BBD76F /* Others */ = {
			isa = PBXGroup;
			children = (
				B6D5FAD2269A88A400BBD76F /* AppDelegate.h */,
				B6D5FAD3269A88A400BBD76F /* SceneDelegate.m */,
				B6D5FAD4269A88A400BBD76F /* AppDelegate.m */,
				B6D5FAD5269A88A400BBD76F /* SceneDelegate.h */,
			);
			path = Others;
			sourceTree = "<group>";
		};
/* End PBXGroup section */

/* Begin PBXNativeTarget section */
		B6D5FA77269A877700BBD76F /* DDTV */ = {
			isa = PBXNativeTarget;
			buildConfigurationList = B6D5FAA7269A877900BBD76F /* Build configuration list for PBXNativeTarget "DDTV" */;
			buildPhases = (
				B6D5FA74269A877700BBD76F /* Sources */,
				B6D5FA75269A877700BBD76F /* Frameworks */,
				B6D5FA76269A877700BBD76F /* Resources */,
			);
			buildRules = (
			);
			dependencies = (
			);
			name = DDTV;
			productName = DDTV;
			productReference = B6D5FA78269A877700BBD76F /* DDTV.app */;
			productType = "com.apple.product-type.application";
		};
		B6D5FA92269A877900BBD76F /* DDTVTests */ = {
			isa = PBXNativeTarget;
			buildConfigurationList = B6D5FAAA269A877900BBD76F /* Build configuration list for PBXNativeTarget "DDTVTests" */;
			buildPhases = (
				B6D5FA8F269A877900BBD76F /* Sources */,
				B6D5FA90269A877900BBD76F /* Frameworks */,
				B6D5FA91269A877900BBD76F /* Resources */,
			);
			buildRules = (
			);
			dependencies = (
				B6D5FA95269A877900BBD76F /* PBXTargetDependency */,
			);
			name = DDTVTests;
			productName = DDTVTests;
			productReference = B6D5FA93269A877900BBD76F /* DDTVTests.xctest */;
			productType = "com.apple.product-type.bundle.unit-test";
		};
		B6D5FA9D269A877900BBD76F /* DDTVUITests */ = {
			isa = PBXNativeTarget;
			buildConfigurationList = B6D5FAAD269A877900BBD76F /* Build configuration list for PBXNativeTarget "DDTVUITests" */;
			buildPhases = (
				B6D5FA9A269A877900BBD76F /* Sources */,
				B6D5FA9B269A877900BBD76F /* Frameworks */,
				B6D5FA9C269A877900BBD76F /* Resources */,
			);
			buildRules = (
			);
			dependencies = (
				B6D5FAA0269A877900BBD76F /* PBXTargetDependency */,
			);
			name = DDTVUITests;
			productName = DDTVUITests;
			productReference = B6D5FA9E269A877900BBD76F /* DDTVUITests.xctest */;
			productType = "com.apple.product-type.bundle.ui-testing";
		};
/* End PBXNativeTarget section */

/* Begin PBXProject section */
		B6D5FA70269A877700BBD76F /* Project object */ = {
			isa = PBXProject;
			attributes = {
				CLASSPREFIX = DDTV;
				LastUpgradeCheck = 1250;
				TargetAttributes = {
					B6D5FA77269A877700BBD76F = {
						CreatedOnToolsVersion = 12.5;
					};
					B6D5FA92269A877900BBD76F = {
						CreatedOnToolsVersion = 12.5;
						TestTargetID = B6D5FA77269A877700BBD76F;
					};
					B6D5FA9D269A877900BBD76F = {
						CreatedOnToolsVersion = 12.5;
						TestTargetID = B6D5FA77269A877700BBD76F;
					};
				};
			};
			buildConfigurationList = B6D5FA73269A877700BBD76F /* Build configuration list for PBXProject "DDTV" */;
			compatibilityVersion = "Xcode 9.3";
			developmentRegion = en;
			hasScannedForEncodings = 0;
			knownRegions = (
				en,
				Base,
			);
			mainGroup = B6D5FA6F269A877700BBD76F;
			productRefGroup = B6D5FA79269A877700BBD76F /* Products */;
			projectDirPath = "";
			projectRoot = "";
			targets = (
				B6D5FA77269A877700BBD76F /* DDTV */,
				B6D5FA92269A877900BBD76F /* DDTVTests */,
				B6D5FA9D269A877900BBD76F /* DDTVUITests */,
			);
		};
/* End PBXProject section */

/* Begin PBXResourcesBuildPhase section */
		B6D5FA76269A877700BBD76F /* Resources */ = {
			isa = PBXResourcesBuildPhase;
			buildActionMask = 2147483647;
			files = (
				B6D5FA8B269A877900BBD76F /* LaunchScreen.storyboard in Resources */,
				B6D5FAE0269A8B5C00BBD76F /* MyPage.storyboard in Resources */,
				B6D5FADE269A8B3B00BBD76F /* ActivePage.storyboard in Resources */,
				B6D5FA88269A877900BBD76F /* Assets.xcassets in Resources */,
				B6D5FAE2269A8B6B00BBD76F /* VIP.storyboard in Resources */,
				B6D5FADC269A8A8500BBD76F /* FristPage.storyboard in Resources */,
			);
			runOnlyForDeploymentPostprocessing = 0;
		};
		B6D5FA91269A877900BBD76F /* Resources */ = {
			isa = PBXResourcesBuildPhase;
			buildActionMask = 2147483647;
			files = (
			);
			runOnlyForDeploymentPostprocessing = 0;
		};
		B6D5FA9C269A877900BBD76F /* Resources */ = {
			isa = PBXResourcesBuildPhase;
			buildActionMask = 2147483647;
			files = (
			);
			runOnlyForDeploymentPostprocessing = 0;
		};
/* End PBXResourcesBuildPhase section */

/* Begin PBXSourcesBuildPhase section */
		B6D5FA74269A877700BBD76F /* Sources */ = {
			isa = PBXSourcesBuildPhase;
			buildActionMask = 2147483647;
			files = (
				B6D5FAD7269A88A400BBD76F /* AppDelegate.m in Sources */,
				B6D5FAD6269A88A400BBD76F /* SceneDelegate.m in Sources */,
				B6D5FAE5269A8E0C00BBD76F /* DDTVTabBarView.m in Sources */,
				B6D5FA8E269A877900BBD76F /* main.m in Sources */,
				B6D5FADA269A8A2100BBD76F /* DDTVTabBarController.m in Sources */,
			);
			runOnlyForDeploymentPostprocessing = 0;
		};
		B6D5FA8F269A877900BBD76F /* Sources */ = {
			isa = PBXSourcesBuildPhase;
			buildActionMask = 2147483647;
			files = (
				B6D5FA98269A877900BBD76F /* DDTVTests.m in Sources */,
			);
			runOnlyForDeploymentPostprocessing = 0;
		};
		B6D5FA9A269A877900BBD76F /* Sources */ = {
			isa = PBXSourcesBuildPhase;
			buildActionMask = 2147483647;
			files = (
				B6D5FAA3269A877900BBD76F /* DDTVUITests.m in Sources */,
			);
			runOnlyForDeploymentPostprocessing = 0;
		};
/* End PBXSourcesBuildPhase section */

/* Begin PBXTargetDependency section */
		B6D5FA95269A877900BBD76F /* PBXTargetDependency */ = {
			isa = PBXTargetDependency;
			target = B6D5FA77269A877700BBD76F /* DDTV */;
			targetProxy = B6D5FA94269A877900BBD76F /* PBXContainerItemProxy */;
		};
		B6D5FAA0269A877900BBD76F /* PBXTargetDependency */ = {
			isa = PBXTargetDependency;
			target = B6D5FA77269A877700BBD76F /* DDTV */;
			targetProxy = B6D5FA9F269A877900BBD76F /* PBXContainerItemProxy */;
		};
/* End PBXTargetDependency section */

/* Begin PBXVariantGroup section */
		B6D5FA89269A877900BBD76F /* LaunchScreen.storyboard */ = {
			isa = PBXVariantGroup;
			children = (
				B6D5FA8A269A877900BBD76F /* Base */,
			);
			name = LaunchScreen.storyboard;
			sourceTree = "<group>";
		};
/* End PBXVariantGroup section */

/* Begin XCBuildConfiguration section */
		B6D5FAA5269A877900BBD76F /* Debug */ = {
			isa = XCBuildConfiguration;
			buildSettings = {
				ALWAYS_SEARCH_USER_PATHS = NO;
				CLANG_ANALYZER_NONNULL = YES;
				CLANG_ANALYZER_NUMBER_OBJECT_CONVERSION = YES_AGGRESSIVE;
				CLANG_CXX_LANGUAGE_STANDARD = "gnu++14";
				CLANG_CXX_LIBRARY = "libc++";
				CLANG_ENABLE_MODULES = YES;
				CLANG_ENABLE_OBJC_ARC = YES;
				CLANG_ENABLE_OBJC_WEAK = YES;
				CLANG_WARN_BLOCK_CAPTURE_AUTORELEASING = YES;
				CLANG_WARN_BOOL_CONVERSION = YES;
				CLANG_WARN_COMMA = YES;
				CLANG_WARN_CONSTANT_CONVERSION = YES;
				CLANG_WARN_DEPRECATED_OBJC_IMPLEMENTATIONS = YES;
				CLANG_WARN_DIRECT_OBJC_ISA_USAGE = YES_ERROR;
				CLANG_WARN_DOCUMENTATION_COMMENTS = YES;
				CLANG_WARN_EMPTY_BODY = YES;
				CLANG_WARN_ENUM_CONVERSION = YES;
				CLANG_WARN_INFINITE_RECURSION = YES;
				CLANG_WARN_INT_CONVERSION = YES;
				CLANG_WARN_NON_LITERAL_NULL_CONVERSION = YES;
				CLANG_WARN_OBJC_IMPLICIT_RETAIN_SELF = YES;
				CLANG_WARN_OBJC_LITERAL_CONVERSION = YES;
				CLANG_WARN_OBJC_ROOT_CLASS = YES_ERROR;
				CLANG_WARN_QUOTED_INCLUDE_IN_FRAMEWORK_HEADER = YES;
				CLANG_WARN_RANGE_LOOP_ANALYSIS = YES;
				CLANG_WARN_STRICT_PROTOTYPES = YES;
				CLANG_WARN_SUSPICIOUS_MOVE = YES;
				CLANG_WARN_UNGUARDED_AVAILABILITY = YES_AGGRESSIVE;
				CLANG_WARN_UNREACHABLE_CODE = YES;
				CLANG_WARN__DUPLICATE_METHOD_MATCH = YES;
				COPY_PHASE_STRIP = NO;
				DEBUG_INFORMATION_FORMAT = dwarf;
				ENABLE_STRICT_OBJC_MSGSEND = YES;
				ENABLE_TESTABILITY = YES;
				GCC_C_LANGUAGE_STANDARD = gnu11;
				GCC_DYNAMIC_NO_PIC = NO;
				GCC_NO_COMMON_BLOCKS = YES;
				GCC_OPTIMIZATION_LEVEL = 0;
				GCC_PREPROCESSOR_DEFINITIONS = (
					"DEBUG=1",
					"$(inherited)",
				);
				GCC_WARN_64_TO_32_BIT_CONVERSION = YES;
				GCC_WARN_ABOUT_RETURN_TYPE = YES_ERROR;
				GCC_WARN_UNDECLARED_SELECTOR = YES;
				GCC_WARN_UNINITIALIZED_AUTOS = YES_AGGRESSIVE;
				GCC_WARN_UNUSED_FUNCTION = YES;
				GCC_WARN_UNUSED_VARIABLE = YES;
				IPHONEOS_DEPLOYMENT_TARGET = 14.5;
				MTL_ENABLE_DEBUG_INFO = INCLUDE_SOURCE;
				MTL_FAST_MATH = YES;
				ONLY_ACTIVE_ARCH = YES;
				SDKROOT = iphoneos;
			};
			name = Debug;
		};
		B6D5FAA6269A877900BBD76F /* Release */ = {
			isa = XCBuildConfiguration;
			buildSettings = {
				ALWAYS_SEARCH_USER_PATHS = NO;
				CLANG_ANALYZER_NONNULL = YES;
				CLANG_ANALYZER_NUMBER_OBJECT_CONVERSION = YES_AGGRESSIVE;
				CLANG_CXX_LANGUAGE_STANDARD = "gnu++14";
				CLANG_CXX_LIBRARY = "libc++";
				CLANG_ENABLE_MODULES = YES;
				CLANG_ENABLE_OBJC_ARC = YES;
				CLANG_ENABLE_OBJC_WEAK = YES;
				CLANG_WARN_BLOCK_CAPTURE_AUTORELEASING = YES;
				CLANG_WARN_BOOL_CONVERSION = YES;
				CLANG_WARN_COMMA = YES;
				CLANG_WARN_CONSTANT_CONVERSION = YES;
				CLANG_WARN_DEPRECATED_OBJC_IMPLEMENTATIONS = YES;
				CLANG_WARN_DIRECT_OBJC_ISA_USAGE = YES_ERROR;
				CLANG_WARN_DOCUMENTATION_COMMENTS = YES;
				CLANG_WARN_EMPTY_BODY = YES;
				CLANG_WARN_ENUM_CONVERSION = YES;
				CLANG_WARN_INFINITE_RECURSION = YES;
				CLANG_WARN_INT_CONVERSION = YES;
				CLANG_WARN_NON_LITERAL_NULL_CONVERSION = YES;
				CLANG_WARN_OBJC_IMPLICIT_RETAIN_SELF = YES;
				CLANG_WARN_OBJC_LITERAL_CONVERSION = YES;
				CLANG_WARN_OBJC_ROOT_CLASS = YES_ERROR;
				CLANG_WARN_QUOTED_INCLUDE_IN_FRAMEWORK_HEADER = YES;
				CLANG_WARN_RANGE_LOOP_ANALYSIS = YES;
				CLANG_WARN_STRICT_PROTOTYPES = YES;
				CLANG_WARN_SUSPICIOUS_MOVE = YES;
				CLANG_WARN_UNGUARDED_AVAILABILITY = YES_AGGRESSIVE;
				CLANG_WARN_UNREACHABLE_CODE = YES;
				CLANG_WARN__DUPLICATE_METHOD_MATCH = YES;
				COPY_PHASE_STRIP = NO;
				DEBUG_INFORMATION_FORMAT = "dwarf-with-dsym";
				ENABLE_NS_ASSERTIONS = NO;
				ENABLE_STRICT_OBJC_MSGSEND = YES;
				GCC_C_LANGUAGE_STANDARD = gnu11;
				GCC_NO_COMMON_BLOCKS = YES;
				GCC_WARN_64_TO_32_BIT_CONVERSION = YES;
				GCC_WARN_ABOUT_RETURN_TYPE = YES_ERROR;
				GCC_WARN_UNDECLARED_SELECTOR = YES;
				GCC_WARN_UNINITIALIZED_AUTOS = YES_AGGRESSIVE;
				GCC_WARN_UNUSED_FUNCTION = YES;
				GCC_WARN_UNUSED_VARIABLE = YES;
				IPHONEOS_DEPLOYMENT_TARGET = 14.5;
				MTL_ENABLE_DEBUG_INFO = NO;
				MTL_FAST_MATH = YES;
				SDKROOT = iphoneos;
				VALIDATE_PRODUCT = YES;
			};
			name = Release;
		};
		B6D5FAA8269A877900BBD76F /* Debug */ = {
			isa = XCBuildConfiguration;
			buildSettings = {
				ASSETCATALOG_COMPILER_APPICON_NAME = AppIcon;
				ASSETCATALOG_COMPILER_GLOBAL_ACCENT_COLOR_NAME = AccentColor;
				CODE_SIGN_STYLE = Automatic;
				DEVELOPMENT_TEAM = KQ3RSC4333;
				INFOPLIST_FILE = DDTV/Info.plist;
				LD_RUNPATH_SEARCH_PATHS = (
					"$(inherited)",
					"@executable_path/Frameworks",
				);
				PRODUCT_BUNDLE_IDENTIFIER = DDTV.DDTV;
				PRODUCT_NAME = "$(TARGET_NAME)";
				TARGETED_DEVICE_FAMILY = "1,2";
			};
			name = Debug;
		};
		B6D5FAA9269A877900BBD76F /* Release */ = {
			isa = XCBuildConfiguration;
			buildSettings = {
				ASSETCATALOG_COMPILER_APPICON_NAME = AppIcon;
				ASSETCATALOG_COMPILER_GLOBAL_ACCENT_COLOR_NAME = AccentColor;
				CODE_SIGN_STYLE = Automatic;
				DEVELOPMENT_TEAM = KQ3RSC4333;
				INFOPLIST_FILE = DDTV/Info.plist;
				LD_RUNPATH_SEARCH_PATHS = (
					"$(inherited)",
					"@executable_path/Frameworks",
				);
				PRODUCT_BUNDLE_IDENTIFIER = DDTV.DDTV;
				PRODUCT_NAME = "$(TARGET_NAME)";
				TARGETED_DEVICE_FAMILY = "1,2";
			};
			name = Release;
		};
		B6D5FAAB269A877900BBD76F /* Debug */ = {
			isa = XCBuildConfiguration;
			buildSettings = {
				BUNDLE_LOADER = "$(TEST_HOST)";
				CODE_SIGN_STYLE = Automatic;
				DEVELOPMENT_TEAM = KQ3RSC4333;
				INFOPLIST_FILE = DDTVTests/Info.plist;
				IPHONEOS_DEPLOYMENT_TARGET = 14.5;
				LD_RUNPATH_SEARCH_PATHS = (
					"$(inherited)",
					"@executable_path/Frameworks",
					"@loader_path/Frameworks",
				);
				PRODUCT_BUNDLE_IDENTIFIER = DDTV.DDTVTests;
				PRODUCT_NAME = "$(TARGET_NAME)";
				TARGETED_DEVICE_FAMILY = "1,2";
				TEST_HOST = "$(BUILT_PRODUCTS_DIR)/DDTV.app/DDTV";
			};
			name = Debug;
		};
		B6D5FAAC269A877900BBD76F /* Release */ = {
			isa = XCBuildConfiguration;
			buildSettings = {
				BUNDLE_LOADER = "$(TEST_HOST)";
				CODE_SIGN_STYLE = Automatic;
				DEVELOPMENT_TEAM = KQ3RSC4333;
				INFOPLIST_FILE = DDTVTests/Info.plist;
				IPHONEOS_DEPLOYMENT_TARGET = 14.5;
				LD_RUNPATH_SEARCH_PATHS = (
					"$(inherited)",
					"@executable_path/Frameworks",
					"@loader_path/Frameworks",
				);
				PRODUCT_BUNDLE_IDENTIFIER = DDTV.DDTVTests;
				PRODUCT_NAME = "$(TARGET_NAME)";
				TARGETED_DEVICE_FAMILY = "1,2";
				TEST_HOST = "$(BUILT_PRODUCTS_DIR)/DDTV.app/DDTV";
			};
			name = Release;
		};
		B6D5FAAE269A877900BBD76F /* Debug */ = {
			isa = XCBuildConfiguration;
			buildSettings = {
				CODE_SIGN_STYLE = Automatic;
				DEVELOPMENT_TEAM = KQ3RSC4333;
				INFOPLIST_FILE = DDTVUITests/Info.plist;
				LD_RUNPATH_SEARCH_PATHS = (
					"$(inherited)",
					"@executable_path/Frameworks",
					"@loader_path/Frameworks",
				);
				PRODUCT_BUNDLE_IDENTIFIER = DDTV.DDTVUITests;
				PRODUCT_NAME = "$(TARGET_NAME)";
				TARGETED_DEVICE_FAMILY = "1,2";
				TEST_TARGET_NAME = DDTV;
			};
			name = Debug;
		};
		B6D5FAAF269A877900BBD76F /* Release */ = {
			isa = XCBuildConfiguration;
			buildSettings = {
				CODE_SIGN_STYLE = Automatic;
				DEVELOPMENT_TEAM = KQ3RSC4333;
				INFOPLIST_FILE = DDTVUITests/Info.plist;
				LD_RUNPATH_SEARCH_PATHS = (
					"$(inherited)",
					"@executable_path/Frameworks",
					"@loader_path/Frameworks",
				);
				PRODUCT_BUNDLE_IDENTIFIER = DDTV.DDTVUITests;
				PRODUCT_NAME = "$(TARGET_NAME)";
				TARGETED_DEVICE_FAMILY = "1,2";
				TEST_TARGET_NAME = DDTV;
			};
			name = Release;
		};
/* End XCBuildConfiguration section */

/* Begin XCConfigurationList section */
		B6D5FA73269A877700BBD76F /* Build configuration list for PBXProject "DDTV" */ = {
			isa = XCConfigurationList;
			buildConfigurations = (
				B6D5FAA5269A877900BBD76F /* Debug */,
				B6D5FAA6269A877900BBD76F /* Release */,
			);
			defaultConfigurationIsVisible = 0;
			defaultConfigurationName = Release;
		};
		B6D5FAA7269A877900BBD76F /* Build configuration list for PBXNativeTarget "DDTV" */ = {
			isa = XCConfigurationList;
			buildConfigurations = (
				B6D5FAA8269A877900BBD76F /* Debug */,
				B6D5FAA9269A877900BBD76F /* Release */,
			);
			defaultConfigurationIsVisible = 0;
			defaultConfigurationName = Release;
		};
		B6D5FAAA269A877900BBD76F /* Build configuration list for PBXNativeTarget "DDTVTests" */ = {
			isa = XCConfigurationList;
			buildConfigurations = (
				B6D5FAAB269A877900BBD76F /* Debug */,
				B6D5FAAC269A877900BBD76F /* Release */,
			);
			defaultConfigurationIsVisible = 0;
			defaultConfigurationName = Release;
		};
		B6D5FAAD269A877900BBD76F /* Build configuration list for PBXNativeTarget "DDTVUITests" */ = {
			isa = XCConfigurationList;
			buildConfigurations = (
				B6D5FAAE269A877900BBD76F /* Debug */,
				B6D5FAAF269A877900BBD76F /* Release */,
			);
			defaultConfigurationIsVisible = 0;
			defaultConfigurationName = Release;
		};
/* End XCConfigurationList section */
	};
	rootObject = B6D5FA70269A877700BBD76F /* Project object */;
}
